
Microsoft Visual Studio Solution File, Format Version 12.00
# Visual Studio Version 17
VisualStudioVersion = 17.10.35004.147
MinimumVisualStudioVersion = 10.0.40219.1
Project("{FAE04EC0-301F-11D3-BF4B-00C04F79EFBC}") = "FizzBuzz", "FizzBuzz\FizzBuzz.csproj", "{FA7B97D8-F550-4DBB-A27D-6779FD88E43E}"
EndProject
Global
	GlobalSection(SolutionConfigurationPlatforms) = preSolution
		Debug|Any CPU = Debug|Any CPU
		Release|Any CPU = Release|Any CPU
	EndGlobalSection
	GlobalSection(ProjectConfigurationPlatforms) = postSolution
		{FA7B97D8-F550-4DBB-A27D-6779FD88E43E}.Debug|Any CPU.ActiveCfg = Debug|Any CPU
		{FA7B97D8-F550-4DBB-A27D-6779FD88E43E}.Debug|Any CPU.Build.0 = Debug|Any CPU
		{FA7B97D8-F550-4DBB-A27D-6779FD88E43E}.Release|Any CPU.ActiveCfg = Release|Any CPU
		{FA7B97D8-F550-4DBB-A27D-6779FD88E43E}.Release|Any CPU.Build.0 = Release|Any CPU
	EndGlobalSection
	GlobalSection(SolutionProperties) = preSolution
		HideSolutionNode = FALSE
	EndGlobalSection
	GlobalSection(ExtensibilityGlobals) = postSolution
		SolutionGuid = {ABF1CAC8-3C38-4A08-9383-B18E2B34BCFF}
	EndGlobalSection
EndGlobal
